
Microsoft Visual Studio Solution File, Format Version 12.00
# Visual Studio Version 17
VisualStudioVersion = 17.0.31903.59
MinimumVisualStudioVersion = 10.0.40219.1
Project("{FAE04EC0-301F-11D3-BF4B-00C04F79EFBC}") = "STA.Worker", "src\STA.Worker\STA.Worker.csproj", "{B1A2C3D4-E5F6-7890-ABCD-111111111111}"
EndProject
Project("{FAE04EC0-301F-11D3-BF4B-00C04F79EFBC}") = "STA.Tests", "tests\STA.Tests\STA.Tests.csproj", "{B1A2C3D4-E5F6-7890-ABCD-222222222222}"
EndProject
Project("{2150E333-8FDC-42A3-9474-1A3956D46DE8}") = "src", "src", "{827E0CD3-B72D-47B6-A68D-7590B98EB39B}"
EndProject
Project("{FAE04EC0-301F-11D3-BF4B-00C04F79EFBC}") = "STA.Core", "src\STA.Core\STA.Core.csproj", "{5E3569A8-1CE3-4D77-B303-70C5F8490E45}"
EndProject
Project("{FAE04EC0-301F-11D3-BF4B-00C04F79EFBC}") = "STA.Api", "src\STA.Api\STA.Api.csproj", "{BCF379B1-A09F-415E-A91D-4F2B4D39970A}"
EndProject
Global
	GlobalSection(SolutionConfigurationPlatforms) = preSolution
		Debug|Any CPU = Debug|Any CPU
		Debug|x64 = Debug|x64
		Debug|x86 = Debug|x86
		Release|Any CPU = Release|Any CPU
		Release|x64 = Release|x64
		Release|x86 = Release|x86
	EndGlobalSection
	GlobalSection(ProjectConfigurationPlatforms) = postSolution
		{B1A2C3D4-E5F6-7890-ABCD-111111111111}.Debug|Any CPU.ActiveCfg = Debug|Any CPU
		{B1A2C3D4-E5F6-7890-ABCD-111111111111}.Debug|Any CPU.Build.0 = Debug|Any CPU
		{B1A2C3D4-E5F6-7890-ABCD-111111111111}.Debug|x64.ActiveCfg = Debug|Any CPU
		{B1A2C3D4-E5F6-7890-ABCD-111111111111}.Debug|x64.Build.0 = Debug|Any CPU
		{B1A2C3D4-E5F6-7890-ABCD-111111111111}.Debug|x86.ActiveCfg = Debug|Any CPU
		{B1A2C3D4-E5F6-7890-ABCD-111111111111}.Debug|x86.Build.0 = Debug|Any CPU
		{B1A2C3D4-E5F6-7890-ABCD-111111111111}.Release|Any CPU.ActiveCfg = Release|Any CPU
		{B1A2C3D4-E5F6-7890-ABCD-111111111111}.Release|Any CPU.Build.0 = Release|Any CPU
		{B1A2C3D4-E5F6-7890-ABCD-111111111111}.Release|x64.ActiveCfg = Release|Any CPU
		{B1A2C3D4-E5F6-7890-ABCD-111111111111}.Release|x64.Build.0 = Release|Any CPU
		{B1A2C3D4-E5F6-7890-ABCD-111111111111}.Release|x86.ActiveCfg = Release|Any CPU
		{B1A2C3D4-E5F6-7890-ABCD-111111111111}.Release|x86.Build.0 = Release|Any CPU
		{B1A2C3D4-E5F6-7890-ABCD-222222222222}.Debug|Any CPU.ActiveCfg = Debug|Any CPU
		{B1A2C3D4-E5F6-7890-ABCD-222222222222}.Debug|Any CPU.Build.0 = Debug|Any CPU
		{B1A2C3D4-E5F6-7890-ABCD-222222222222}.Debug|x64.ActiveCfg = Debug|Any CPU
		{B1A2C3D4-E5F6-7890-ABCD-222222222222}.Debug|x64.Build.0 = Debug|Any CPU
		{B1A2C3D4-E5F6-7890-ABCD-222222222222}.Debug|x86.ActiveCfg = Debug|Any CPU
		{B1A2C3D4-E5F6-7890-ABCD-222222222222}.Debug|x86.Build.0 = Debug|Any CPU
		{B1A2C3D4-E5F6-7890-ABCD-222222222222}.Release|Any CPU.ActiveCfg = Release|Any CPU
		{B1A2C3D4-E5F6-7890-ABCD-222222222222}.Release|Any CPU.Build.0 = Release|Any CPU
		{B1A2C3D4-E5F6-7890-ABCD-222222222222}.Release|x64.ActiveCfg = Release|Any CPU
		{B1A2C3D4-E5F6-7890-ABCD-222222222222}.Release|x64.Build.0 = Release|Any CPU
		{B1A2C3D4-E5F6-7890-ABCD-222222222222}.Release|x86.ActiveCfg = Release|Any CPU
		{B1A2C3D4-E5F6-7890-ABCD-222222222222}.Release|x86.Build.0 = Release|Any CPU
		{5E3569A8-1CE3-4D77-B303-70C5F8490E45}.Debug|Any CPU.ActiveCfg = Debug|Any CPU
		{5E3569A8-1CE3-4D77-B303-70C5F8490E45}.Debug|Any CPU.Build.0 = Debug|Any CPU
		{5E3569A8-1CE3-4D77-B303-70C5F8490E45}.Debug|x64.ActiveCfg = Debug|Any CPU
		{5E3569A8-1CE3-4D77-B303-70C5F8490E45}.Debug|x64.Build.0 = Debug|Any CPU
		{5E3569A8-1CE3-4D77-B303-70C5F8490E45}.Debug|x86.ActiveCfg = Debug|Any CPU
		{5E3569A8-1CE3-4D77-B303-70C5F8490E45}.Debug|x86.Build.0 = Debug|Any CPU
		{5E3569A8-1CE3-4D77-B303-70C5F8490E45}.Release|Any CPU.ActiveCfg = Release|Any CPU
		{5E3569A8-1CE3-4D77-B303-70C5F8490E45}.Release|Any CPU.Build.0 = Release|Any CPU
		{5E3569A8-1CE3-4D77-B303-70C5F8490E45}.Release|x64.ActiveCfg = Release|Any CPU
		{5E3569A8-1CE3-4D77-B303-70C5F8490E45}.Release|x64.Build.0 = Release|Any CPU
		{5E3569A8-1CE3-4D77-B303-70C5F8490E45}.Release|x86.ActiveCfg = Release|Any CPU
		{5E3569A8-1CE3-4D77-B303-70C5F8490E45}.Release|x86.Build.0 = Release|Any CPU
		{BCF379B1-A09F-415E-A91D-4F2B4D39970A}.Debug|Any CPU.ActiveCfg = Debug|Any CPU
		{BCF379B1-A09F-415E-A91D-4F2B4D39970A}.Debug|Any CPU.Build.0 = Debug|Any CPU
		{BCF379B1-A09F-415E-A91D-4F2B4D39970A}.Debug|x64.ActiveCfg = Debug|Any CPU
		{BCF379B1-A09F-415E-A91D-4F2B4D39970A}.Debug|x64.Build.0 = Debug|Any CPU
		{BCF379B1-A09F-415E-A91D-4F2B4D39970A}.Debug|x86.ActiveCfg = Debug|Any CPU
		{BCF379B1-A09F-415E-A91D-4F2B4D39970A}.Debug|x86.Build.0 = Debug|Any CPU
		{BCF379B1-A09F-415E-A91D-4F2B4D39970A}.Release|Any CPU.ActiveCfg = Release|Any CPU
		{BCF379B1-A09F-415E-A91D-4F2B4D39970A}.Release|Any CPU.Build.0 = Release|Any CPU
		{BCF379B1-A09F-415E-A91D-4F2B4D39970A}.Release|x64.ActiveCfg = Release|Any CPU
		{BCF379B1-A09F-415E-A91D-4F2B4D39970A}.Release|x64.Build.0 = Release|Any CPU
		{BCF379B1-A09F-415E-A91D-4F2B4D39970A}.Release|x86.ActiveCfg = Release|Any CPU
		{BCF379B1-A09F-415E-A91D-4F2B4D39970A}.Release|x86.Build.0 = Release|Any CPU
	EndGlobalSection
	GlobalSection(SolutionProperties) = preSolution
		HideSolutionNode = FALSE
	EndGlobalSection
	GlobalSection(NestedProjects) = preSolution
		{5E3569A8-1CE3-4D77-B303-70C5F8490E45} = {827E0CD3-B72D-47B6-A68D-7590B98EB39B}
		{BCF379B1-A09F-415E-A91D-4F2B4D39970A} = {827E0CD3-B72D-47B6-A68D-7590B98EB39B}
	EndGlobalSection
EndGlobal
